
Microsoft Visual Studio Solution File, Format Version 12.00
# Visual Studio Version 16
VisualStudioVersion = 16.0.31729.503
MinimumVisualStudioVersion = 10.0.40219.1
Project("{FAE04EC0-301F-11D3-BF4B-00C04F79EFBC}") = "Inventory_Manager", "Inventory_Manager.csproj", "{7D8C6F38-BF97-4CF2-81C6-2EE6CFDE346D}"
EndProject
Global
	GlobalSection(SolutionConfigurationPlatforms) = preSolution
		Debug|Any CPU = Debug|Any CPU
		Release|Any CPU = Release|Any CPU
	EndGlobalSection
	GlobalSection(ProjectConfigurationPlatforms) = postSolution
		{7D8C6F38-BF97-4CF2-81C6-2EE6CFDE346D}.Debug|Any CPU.ActiveCfg = Debug|Any CPU
		{7D8C6F38-BF97-4CF2-81C6-2EE6CFDE346D}.Debug|Any CPU.Build.0 = Debug|Any CPU
		{7D8C6F38-BF97-4CF2-81C6-2EE6CFDE346D}.Release|Any CPU.ActiveCfg = Release|Any CPU
		{7D8C6F38-BF97-4CF2-81C6-2EE6CFDE346D}.Release|Any CPU.Build.0 = Release|Any CPU
	EndGlobalSection
	GlobalSection(SolutionProperties) = preSolution
		HideSolutionNode = FALSE
	EndGlobalSection
	GlobalSection(ExtensibilityGlobals) = postSolution
		SolutionGuid = {3644E955-DE5E-46F1-9D9C-149011AB61AD}
	EndGlobalSection
EndGlobal
